
Microsoft Visual Studio Solution File, Format Version 12.00
# Visual Studio Version 16
VisualStudioVersion = 16.0.30114.105
MinimumVisualStudioVersion = 10.0.40219.1
Project("{FAE04EC0-301F-11D3-BF4B-00C04F79EFBC}") = "BookingTicketsDirect", "BookingTicketsDirect\BookingTicketsDirect.csproj", "{66677A3F-3ED2-4FA9-B233-89EB850964A5}"
EndProject
Global
	GlobalSection(SolutionConfigurationPlatforms) = preSolution
		Debug|Any CPU = Debug|Any CPU
		Release|Any CPU = Release|Any CPU
	EndGlobalSection
	GlobalSection(ProjectConfigurationPlatforms) = postSolution
		{66677A3F-3ED2-4FA9-B233-89EB850964A5}.Debug|Any CPU.ActiveCfg = Debug|Any CPU
		{66677A3F-3ED2-4FA9-B233-89EB850964A5}.Debug|Any CPU.Build.0 = Debug|Any CPU
		{66677A3F-3ED2-4FA9-B233-89EB850964A5}.Release|Any CPU.ActiveCfg = Release|Any CPU
		{66677A3F-3ED2-4FA9-B233-89EB850964A5}.Release|Any CPU.Build.0 = Release|Any CPU
	EndGlobalSection
	GlobalSection(SolutionProperties) = preSolution
		HideSolutionNode = FALSE
	EndGlobalSection
	GlobalSection(ExtensibilityGlobals) = postSolution
		SolutionGuid = {8AC18E00-264D-45AA-B0EE-3D5B6767947A}
	EndGlobalSection
EndGlobal
